
Microsoft Visual Studio Solution File, Format Version 12.00
# Visual Studio Version 17
VisualStudioVersion = 17.0.31903.59
MinimumVisualStudioVersion = 10.0.40219.1
Project("{FAE04EC0-301F-11D3-BF4B-00C04F79EFBC}") = "Domain", "Domain\Domain.csproj", "{7960AA8B-F7F3-414C-96F9-ECA8828BFEFC}"
EndProject
Project("{FAE04EC0-301F-11D3-BF4B-00C04F79EFBC}") = "Infrustructure", "Infrustructure\Infrustructure.csproj", "{BC626FBF-F54D-4D3E-8A0F-B9DC9672E3FE}"
EndProject
Project("{FAE04EC0-301F-11D3-BF4B-00C04F79EFBC}") = "WebApi", "WebApi\WebApi.csproj", "{35F3A015-C11E-4538-8009-FA40675C6594}"
EndProject
Global
	GlobalSection(SolutionConfigurationPlatforms) = preSolution
		Debug|Any CPU = Debug|Any CPU
		Release|Any CPU = Release|Any CPU
	EndGlobalSection
	GlobalSection(SolutionProperties) = preSolution
		HideSolutionNode = FALSE
	EndGlobalSection
	GlobalSection(ProjectConfigurationPlatforms) = postSolution
		{7960AA8B-F7F3-414C-96F9-ECA8828BFEFC}.Debug|Any CPU.ActiveCfg = Debug|Any CPU
		{7960AA8B-F7F3-414C-96F9-ECA8828BFEFC}.Debug|Any CPU.Build.0 = Debug|Any CPU
		{7960AA8B-F7F3-414C-96F9-ECA8828BFEFC}.Release|Any CPU.ActiveCfg = Release|Any CPU
		{7960AA8B-F7F3-414C-96F9-ECA8828BFEFC}.Release|Any CPU.Build.0 = Release|Any CPU
		{BC626FBF-F54D-4D3E-8A0F-B9DC9672E3FE}.Debug|Any CPU.ActiveCfg = Debug|Any CPU
		{BC626FBF-F54D-4D3E-8A0F-B9DC9672E3FE}.Debug|Any CPU.Build.0 = Debug|Any CPU
		{BC626FBF-F54D-4D3E-8A0F-B9DC9672E3FE}.Release|Any CPU.ActiveCfg = Release|Any CPU
		{BC626FBF-F54D-4D3E-8A0F-B9DC9672E3FE}.Release|Any CPU.Build.0 = Release|Any CPU
		{35F3A015-C11E-4538-8009-FA40675C6594}.Debug|Any CPU.ActiveCfg = Debug|Any CPU
		{35F3A015-C11E-4538-8009-FA40675C6594}.Debug|Any CPU.Build.0 = Debug|Any CPU
		{35F3A015-C11E-4538-8009-FA40675C6594}.Release|Any CPU.ActiveCfg = Release|Any CPU
		{35F3A015-C11E-4538-8009-FA40675C6594}.Release|Any CPU.Build.0 = Release|Any CPU
	EndGlobalSection
EndGlobal
