
Microsoft Visual Studio Solution File, Format Version 12.00
# Visual Studio Version 17
VisualStudioVersion = 17.0.31903.59
MinimumVisualStudioVersion = 10.0.40219.1
Project("{FAE04EC0-301F-11D3-BF4B-00C04F79EFBC}") = "Domain", "Domain\Domain.csproj", "{28555D80-3D54-494E-9397-F91A5318E731}"
EndProject
Project("{FAE04EC0-301F-11D3-BF4B-00C04F79EFBC}") = "Infrastruction", "Infrastruction\Infrastruction.csproj", "{605F4699-95AD-43DB-B803-93BFA6B52BA3}"
EndProject
Project("{FAE04EC0-301F-11D3-BF4B-00C04F79EFBC}") = "WebApi", "WebApi\WebApi.csproj", "{A0AF2DFD-62CB-4106-8DB6-C22741F7C992}"
EndProject
Global
	GlobalSection(SolutionConfigurationPlatforms) = preSolution
		Debug|Any CPU = Debug|Any CPU
		Release|Any CPU = Release|Any CPU
	EndGlobalSection
	GlobalSection(SolutionProperties) = preSolution
		HideSolutionNode = FALSE
	EndGlobalSection
	GlobalSection(ProjectConfigurationPlatforms) = postSolution
		{28555D80-3D54-494E-9397-F91A5318E731}.Debug|Any CPU.ActiveCfg = Debug|Any CPU
		{28555D80-3D54-494E-9397-F91A5318E731}.Debug|Any CPU.Build.0 = Debug|Any CPU
		{28555D80-3D54-494E-9397-F91A5318E731}.Release|Any CPU.ActiveCfg = Release|Any CPU
		{28555D80-3D54-494E-9397-F91A5318E731}.Release|Any CPU.Build.0 = Release|Any CPU
		{605F4699-95AD-43DB-B803-93BFA6B52BA3}.Debug|Any CPU.ActiveCfg = Debug|Any CPU
		{605F4699-95AD-43DB-B803-93BFA6B52BA3}.Debug|Any CPU.Build.0 = Debug|Any CPU
		{605F4699-95AD-43DB-B803-93BFA6B52BA3}.Release|Any CPU.ActiveCfg = Release|Any CPU
		{605F4699-95AD-43DB-B803-93BFA6B52BA3}.Release|Any CPU.Build.0 = Release|Any CPU
		{A0AF2DFD-62CB-4106-8DB6-C22741F7C992}.Debug|Any CPU.ActiveCfg = Debug|Any CPU
		{A0AF2DFD-62CB-4106-8DB6-C22741F7C992}.Debug|Any CPU.Build.0 = Debug|Any CPU
		{A0AF2DFD-62CB-4106-8DB6-C22741F7C992}.Release|Any CPU.ActiveCfg = Release|Any CPU
		{A0AF2DFD-62CB-4106-8DB6-C22741F7C992}.Release|Any CPU.Build.0 = Release|Any CPU
	EndGlobalSection
EndGlobal
