
Microsoft Visual Studio Solution File, Format Version 12.00
# 
Project("{FAE04EC0-301F-11D3-BF4B-00C04F79EFBC}") = "DapperDemo", "DapperDemo\DapperDemo.csproj", "{D3A62A47-1644-4D29-817A-E113040530E3}"
EndProject
Project("{FAE04EC0-301F-11D3-BF4B-00C04F79EFBC}") = "Infrastructure", "Infrastructure\Infrastructure.csproj", "{7DDE001D-43D7-4613-BFE0-545C38706F81}"
EndProject
Project("{FAE04EC0-301F-11D3-BF4B-00C04F79EFBC}") = "Domain", "Domain\Domain.csproj", "{E4EF6D6D-EC3C-4DFC-9A59-20412AEE4D52}"
EndProject
Project("{FAE04EC0-301F-11D3-BF4B-00C04F79EFBC}") = "WebApi", "WebApi\WebApi.csproj", "{473A6E6B-5E25-4094-BE87-FE2794B7F62F}"
EndProject
Project("{FAE04EC0-301F-11D3-BF4B-00C04F79EFBC}") = "Main", "Main\Main.csproj", "{FBA1CE27-E487-43EF-9E5F-8D78B1422155}"
EndProject
Global
	GlobalSection(SolutionConfigurationPlatforms) = preSolution
		Debug|Any CPU = Debug|Any CPU
		Release|Any CPU = Release|Any CPU
	EndGlobalSection
	GlobalSection(ProjectConfigurationPlatforms) = postSolution
		{D3A62A47-1644-4D29-817A-E113040530E3}.Debug|Any CPU.ActiveCfg = Debug|Any CPU
		{D3A62A47-1644-4D29-817A-E113040530E3}.Debug|Any CPU.Build.0 = Debug|Any CPU
		{D3A62A47-1644-4D29-817A-E113040530E3}.Release|Any CPU.ActiveCfg = Release|Any CPU
		{D3A62A47-1644-4D29-817A-E113040530E3}.Release|Any CPU.Build.0 = Release|Any CPU
		{7DDE001D-43D7-4613-BFE0-545C38706F81}.Debug|Any CPU.ActiveCfg = Debug|Any CPU
		{7DDE001D-43D7-4613-BFE0-545C38706F81}.Debug|Any CPU.Build.0 = Debug|Any CPU
		{7DDE001D-43D7-4613-BFE0-545C38706F81}.Release|Any CPU.ActiveCfg = Release|Any CPU
		{7DDE001D-43D7-4613-BFE0-545C38706F81}.Release|Any CPU.Build.0 = Release|Any CPU
		{E4EF6D6D-EC3C-4DFC-9A59-20412AEE4D52}.Debug|Any CPU.ActiveCfg = Debug|Any CPU
		{E4EF6D6D-EC3C-4DFC-9A59-20412AEE4D52}.Debug|Any CPU.Build.0 = Debug|Any CPU
		{E4EF6D6D-EC3C-4DFC-9A59-20412AEE4D52}.Release|Any CPU.ActiveCfg = Release|Any CPU
		{E4EF6D6D-EC3C-4DFC-9A59-20412AEE4D52}.Release|Any CPU.Build.0 = Release|Any CPU
		{473A6E6B-5E25-4094-BE87-FE2794B7F62F}.Debug|Any CPU.ActiveCfg = Debug|Any CPU
		{473A6E6B-5E25-4094-BE87-FE2794B7F62F}.Debug|Any CPU.Build.0 = Debug|Any CPU
		{473A6E6B-5E25-4094-BE87-FE2794B7F62F}.Release|Any CPU.ActiveCfg = Release|Any CPU
		{473A6E6B-5E25-4094-BE87-FE2794B7F62F}.Release|Any CPU.Build.0 = Release|Any CPU
		{FBA1CE27-E487-43EF-9E5F-8D78B1422155}.Debug|Any CPU.ActiveCfg = Debug|Any CPU
		{FBA1CE27-E487-43EF-9E5F-8D78B1422155}.Debug|Any CPU.Build.0 = Debug|Any CPU
		{FBA1CE27-E487-43EF-9E5F-8D78B1422155}.Release|Any CPU.ActiveCfg = Release|Any CPU
		{FBA1CE27-E487-43EF-9E5F-8D78B1422155}.Release|Any CPU.Build.0 = Release|Any CPU
	EndGlobalSection
EndGlobal
